
Microsoft Visual Studio Solution File, Format Version 12.00
# Visual Studio 15
VisualStudioVersion = 15.0.28307.421
MinimumVisualStudioVersion = 10.0.40219.1
Project("{FAE04EC0-301F-11D3-BF4B-00C04F79EFBC}") = "Proyecto1", "Proyecto1\Proyecto1.csproj", "{EA5DF7F6-9C8D-4D25-B9DD-68F2C200D2F5}"
EndProject
Global
	GlobalSection(SolutionConfigurationPlatforms) = preSolution
		Debug|Any CPU = Debug|Any CPU
		Release|Any CPU = Release|Any CPU
	EndGlobalSection
	GlobalSection(ProjectConfigurationPlatforms) = postSolution
		{EA5DF7F6-9C8D-4D25-B9DD-68F2C200D2F5}.Debug|Any CPU.ActiveCfg = Debug|Any CPU
		{EA5DF7F6-9C8D-4D25-B9DD-68F2C200D2F5}.Debug|Any CPU.Build.0 = Debug|Any CPU
		{EA5DF7F6-9C8D-4D25-B9DD-68F2C200D2F5}.Release|Any CPU.ActiveCfg = Release|Any CPU
		{EA5DF7F6-9C8D-4D25-B9DD-68F2C200D2F5}.Release|Any CPU.Build.0 = Release|Any CPU
	EndGlobalSection
	GlobalSection(SolutionProperties) = preSolution
		HideSolutionNode = FALSE
	EndGlobalSection
	GlobalSection(ExtensibilityGlobals) = postSolution
		SolutionGuid = {D4FBC42D-64B2-4945-B536-3BD06183A7E6}
	EndGlobalSection
EndGlobal
